spring:
  cloud:
    config:
      server:
        git:
          uri: git@gitserver.com:team/repo.git
          ignoreLocalSshSettings: true
          privateKey: |
            -----BEGIN RSA PRIVATE KEY-----
            MIIEpAIBAAKCAQEAoqyz6YaYMTr7L8GLPSQpAQXaM04gRx4CCsGK2kfLQdw4BlqI
            yyxp38YcuZG9cUDBAxby+K2TKmwHaC1Wf1QTwbPuCRdIPrDwRz+FLoegm3iDLCmn
            uP6rjZDneYsqfU1sSdrOwIbCnONfDdvYL/vnZC/o8DDMlk5Orw2SfHkT3pq0o8km
            ayBwN4Sf3bpyWTY0oZcmNeSCCoIdE59k8Pa7/t9bwY9caLj05C3DEsjucc7Ei/Eq
            TOyGyobtXwaya5CqKLUHes74Poz1aEP/yVFdUud91uezd8ZK1P1t5/ZKA3R6aHir
            +diDJ2/GQ2tD511FW46yw+EtBUJTO6ADVv4UnQIDAQABAoIBAF+5qwEfX82QfKFk
            jfADqFFexUDtl1biFKeJrpC2MKhn01wByH9uejrhFKQqW8UaKroLthyZ34DWIyGt
            lDnHGv0gSVF2LuAdNLdobJGt49e4+c9yD61vxzm97Eh8mRs08SM2q/VlF35E2fmI
            xdWusUImYzd8L9e+6tRd8zZl9UhG5vR5XIstKqxC6S0g79aAt0hasE4Gw1FKOf2V
            4mlL15atjQSKCPdOicuyc4zpjAtU1A9AfF51iG8oOUuJebPW8tCftfOQxaeGFgMG
            7M9aai1KzXR6M5IBAKEv31yBvz/SHTneP7oZXNLeC1GIR420PKybmeZdNK8BbEAu
            3reKgm0CgYEA03Sx8JgF5UBsIvFPpP1fjSlTgKryM5EJR6KQtj5e4YfyxccJepN8
            q4MrqDfNKleG/a1acEtDMhBNovU7Usp2QIP7zpAeioHBOhmE5WSieZGc3icOGWWq
            mRkdulSONruqWKv76ZoluxftekE03bDhZDNlcCgmrslEKB/ufHd2oc8CgYEAxPFa
            lKOdSeiYFV5CtvO8Ro8em6rGpSsVz4qkPxbeBqUDCb9KXHhq6YrhRxOIfQJKfT7M
            ZFCn8ArJXKgOGu+KsvwIErFHF9g2jJMG4DOUTpkQgi2yveihFxcmz/AltyVXgrnv
            ZWQbAerH77pdKKhNivLGgEv72GYawdYjYNjemdMCgYA2kEMmMahZyrDcp2YEzfit
            BT/t0K6kzcUWPgWXcSqsiZcEn+J7RbmCzFskkhmX1nQX23adyV3yejB+X0dKisHO
            zf/ZAmlPFkJVCqa3RquCMSfIT02dEhXeYZPBM/Zqeyxuqxpa4hLgX0FBLbhFiFHw
            uC5xrXql2XuD2xF//peXEwKBgQC+pa28Cg7vRxxCQzduB9CQtWc55j3aEjVQ7bNF
            54sS/5ZLT0Ra8677WZfuyDfuW9NkHvCZg4Ku2qJG8eCFrrGjxlrCTZ62tHVJ6+JS
            E1xUIdRbUIWhVZrr0VufG6hG/P0T7Y6Tpi6G0pKtvMkF3LcD9TS3adboix8H2ZXx
            4L7MRQKBgQC0OO3qqNXOjIVYWOoqXLybOY/Wqu9lxCAgGyCYaMcstnBI7W0MZTBr
            /syluvGsaFc1sE7MMGOOzKi1tF4YvDmSnzA/R1nmaPguuD9fOA+w7Pwkv5vLvuJq
            2U7EeNwxq1I1L3Ag6E7wH4BHLHd4TKaZR6agFkn8oomz71yZPGjuZQ==
            -----END RSA PRIVATE KEY-----
