spring:
  cloud:
    config:
      server:
        git:
          uri: git@gitserver.com:team/repo.git
          ignoreLocalSshSettings: true
          privateKey: |
            -----BEGIN OPENSSH PRIVATE KEY-----
            b3BlbnNzaC1rZXktdjEAAAAABG5vbmUAAAAEbm9uZQAAAAAAAAABAAABlwAAAAdzc2gtcn
            NhAAAAAwEAAQAAAYEAw9e+uwqtqnXCuxqeCoterQzT95Mx1XwAlIEsee+0xyzbQ54hlXTw
            p/8kFRue0eq08VYOIFt/CkpDNvGiNZDYa1HPzYRbxgU1Mi73c58VbRdghg8hGEF8hs29tQ
            bAyi1E7KoPfXn4Jhqp57PoUB2StuBwj9VU8DR7t4QvTx1XZmIh6ZND7pRKjyvzDCFSG7cO
            bMpiWgVkDmmZWbRGY/el/GHfqah5cTEyBN8/HYXOL5opymQfmhd66t1/Yh0sacEBnbvHjD
            Q1yIhf/tFXbuunacGLzP30XimexQOJ8CnSgFBBgu360saS5xfGJVoIgvnm44Irbw/Mtuxj
            i6VFaWEfJNvGvhFIAVMf98cHZ+mdLpQIxFm+AUBcAPVGoI6kiXr6LucSWigz+TmeQ3T/Y1
            hSlofgN4KudZWpxUPJKDU3kQ2WAdVIo22/tO7egJsnd9os+fzxaas+yaaZ2QtLDCaHBxO0
            78o2TPlAqxzgt+yvm0NYZ+G0XBazJMn49qCL91T5AAAFmHD1ZR9w9WUfAAAAB3NzaC1yc2
            EAAAGBAMPXvrsKrap1wrsangqLXq0M0/eTMdV8AJSBLHnvtMcs20OeIZV08Kf/JBUbntHq
            tPFWDiBbfwpKQzbxojWQ2GtRz82EW8YFNTIu93OfFW0XYIYPIRhBfIbNvbUGwMotROyqD3
            15+CYaqeez6FAdkrbgcI/VVPA0e7eEL08dV2ZiIemTQ+6USo8r8wwhUhu3DmzKYloFZA5p
            mVm0RmP3pfxh36moeXExMgTfPx2Fzi+aKcpkH5oXeurdf2IdLGnBAZ27x4w0NciIX/7RV2
            7rp2nBi8z99F4pnsUDifAp0oBQQYLt+tLGkucXxiVaCIL55uOCK28PzLbsY4ulRWlhHyTb
            xr4RSAFTH/fHB2fpnS6UCMRZvgFAXAD1RqCOpIl6+i7nElooM/k5nkN0/2NYUpaH4DeCrn
            WVqcVDySg1N5ENlgHVSKNtv7Tu3oCbJ3faLPn88WmrPsmmmdkLSwwmhwcTtO/KNkz5QKsc
            4Lfsr5tDWGfhtFwWsyTJ+Pagi/dU+QAAAAMBAAEAAAGAAc1LYPcxL99Tgls1Vw1/OoJitO
            Vy0O8KJlOl8B1HgYmlHtMmpfRkfnc3gsY1SOMq9QmAqcWNvq9+PNQuVOXXR+2BxvdPzNuh
            aKvL9RFiphVP+wvKlymLFsZv12mPfoy6FJ9f8xybLuaR56LdIVeUUQBxqLEize79sGuT79
            tqQXPnsfl754cPxI939gWcdsrRZCjcjM195TANjCi/eQ3/Rfo0j6AQNf1o42iWcRQZGJEH
            j2gqbkWHCQAuut1f2j0/XXApnY2YVnD6brfTDo0P6AX1DWV9DvCkWwiI6/xYWUPmyjmE2x
            JiDDeGWkI6WihnMlMObc8N8y/C5r2Oaw/WVtNSxiP2JaLBHq7lF3cGOzTfKrwS0lXtw1z6
            nJS/OwKiplvTDcNKUIFAKlryb6psHSFuHKneFPB3hNz0Pznth3EmXoxoAgGD3vMJQD40sF
            BIsSS6AuQVHstbLg6AZ7g6eTCMt+JH9Rbpt3hhznR5SZz4rgi49txFV0x/fN6JOm+NAAAA
            wQCuAd8WCe4sQkTkpaSt0qEvqifGxLFnRLoLpVBQvBiJAFDn6f9JhpWHoND6YBYg9T8OXp
            vJBED+v6TIfmynxt53S8MhadzwnSaqhf+arW+Q+H56acOtmEnlxv+epbSdFraGT6XExsdG
            9zeVV2FTpaOG8s9Dye5zg7FYUAazjlxEnj8IavfkSV5htF7k6nuNADauw35v9jfEPbLvGN
            L0jY277Bj55a2ytRuHqbZHm1lrOe9iK4XOddehBlXEsvIGWuUAAADBAOQcUn7EtxSYmUL+
            mqn8+biEC8+7dgsv6mJvOETJhcRE3mbSgYO03UxrtOhcylUf0ks0mYvZugvTHN2dsdG9eT
            1ds0nZvOoKXwkSSJCH83+J7+jnI9PxK+nhqppZ3RtjKaaRDHmaS5zQZi6ZahSKGPx0KszB
            +SmrzUJLpUq9cD7kDC3TydN2prGIF7RSgl6KhiHXm5UbYmFctNhMhyb1GPPDY9RWeo5zFX
            VcXjY8MCXWiBYLCtbEPfcIAzHQcpiv+wAAAMEA28l23xIkQnMDkoiJqiK0BjT6G5joRzcj
            VDD+qZCOR5z7d617mvYQM7B+3Mu8h4jXk4aQPyHMF3riRj8f2pvWBVqVl5EAAvKsywm/9l
            LuyVFDDd3GlJRYuO/1XYKM8i7iXa4nKrQVcxiyF8gkiyafrqYSxuM0UTMc5vX4fCxQSqgh
            8WUG6n1OTwJ/x9grdXLi8rbjXaZbZfax4eOBJeEb9gKqE8+Ak0aRyXOMw8ygiUTIQELr7T
            xLwZE6Y5ULy9ibAAAAHm1zaGFtc2lAbXNoYW1zaS1hMDIudm13YXJlLmNvbQECAwQ=
            -----END OPENSSH PRIVATE KEY-----
